{"version":4,"terraform_version":"1.11.5","serial":1,"lineage":"79463fad-b10a-df6c-4932-3158a2606e42","outputs":{},"resources":[{"mode":"managed","type":"local_file","name":"pet","provider":"provider[\"registry.opentofu.org/hashicorp/local\"]","instances":[{"schema_version":0,"attributes":{"content":"Mrs.weekly.awaited.coyote\nMrs.pleasantly.clever.blowfish\nMrs.closely.apparent.seahorse","content_base64":null,"content_base64sha256":"h8+jnLixqItOvimFkXbG8DQtgScitOHvPEubJm+cdlc=","content_base64sha512":"67DqKPIHvOqk6ZohM4+TJmwZaebGwnoF+MRmmD6+JUKNR1D87o8Ao5hsMNq1RUgggAP/UEqtMcvJNmhcPNbnMw==","content_md5":"88e4c805a19a94a3fff92575bdcc34da","content_sha1":"fad8ab3e4d7fa677dc612167b94271636f271e5a","content_sha256":"87cfa39cb8b1a88b4ebe29859176c6f0342d812722b4e1ef3c4b9b266f9c7657","content_sha512":"ebb0ea28f207bceaa4e99a21338f93266c1969e6c6c27a05f8c466983ebe25428d4750fcee8f00a3986c30dab54548208003ff504aad31cbc936685c3cd6e733","directory_permission":"0777","file_permission":"0777","filename":"/Users/kristenlee/Desktop/NEU/Spring26/Cloud/Lab/Lab3/exercise_1/my_pets.txt","id":"fad8ab3e4d7fa677dc612167b94271636f271e5a","sensitive_content":null,"source":null},"sensitive_attributes":[[{"type":"get_attr","value":"sensitive_content"}]],"dependencies":["random_pet.pets"]}]},{"mode":"managed","type":"random_pet","name":"pets","provider":"provider[\"registry.opentofu.org/hashicorp/random\"]","instances":[{"index_key":0,"schema_version":0,"attributes":{"id":"Mrs.weekly.awaited.coyote","keepers":null,"length":3,"prefix":"Mrs","separator":"."},"sensitive_attributes":[]},{"index_key":1,"schema_version":0,"attributes":{"id":"Mrs.pleasantly.clever.blowfish","keepers":null,"length":3,"prefix":"Mrs","separator":"."},"sensitive_attributes":[]},{"index_key":2,"schema_version":0,"attributes":{"id":"Mrs.closely.apparent.seahorse","keepers":null,"length":3,"prefix":"Mrs","separator":"."},"sensitive_attributes":[]}]}],"check_results":null}
