{"version":4,"terraform_version":"1.11.5","serial":2,"lineage":"2180612d-6ed6-b5a0-1514-38d97aaa3f12","outputs":{"pet-name":{"value":"ruff-lasting-lobster","type":"string"}},"resources":[{"mode":"managed","type":"random_pet","name":"pet","provider":"provider[\"registry.opentofu.org/hashicorp/random\"]","instances":[{"schema_version":0,"attributes":{"id":"ruff-lasting-lobster","keepers":null,"length":2,"prefix":"ruff","separator":"-"},"sensitive_attributes":[]}]}],"check_results":null}
