{"version":4,"terraform_version":"1.11.5","serial":3,"lineage":"2180612d-6ed6-b5a0-1514-38d97aaa3f12","outputs":{"pet-name":{"value":"hiss-new-dinosaur","type":"string"}},"resources":[{"mode":"managed","type":"random_pet","name":"pet","provider":"provider[\"registry.opentofu.org/hashicorp/random\"]","instances":[{"schema_version":0,"attributes":{"id":"hiss-new-dinosaur","keepers":null,"length":2,"prefix":"hiss","separator":"-"},"sensitive_attributes":[]}]}],"check_results":null}
